
Microsoft Visual Studio Solution File, Format Version 12.00
# Visual Studio Version 16
VisualStudioVersion = 16.0.33801.447
MinimumVisualStudioVersion = 10.0.40219.1
Project("{FAE04EC0-301F-11D3-BF4B-00C04F79EFBC}") = "LibraryManagementSystem", "LibraryManagementSystem\LibraryManagementSystem.csproj", "{A53AE9FB-68E6-438D-AC7B-D427BFC18EA9}"
EndProject
Project("{FAE04EC0-301F-11D3-BF4B-00C04F79EFBC}") = "DatabaseLayer", "DatabaseLayer\DatabaseLayer.csproj", "{C0D30CFA-6393-4746-9751-82432AE215FB}"
EndProject
Global
	GlobalSection(SolutionConfigurationPlatforms) = preSolution
		Debug|Any CPU = Debug|Any CPU
		Release|Any CPU = Release|Any CPU
	EndGlobalSection
	GlobalSection(ProjectConfigurationPlatforms) = postSolution
		{A53AE9FB-68E6-438D-AC7B-D427BFC18EA9}.Debug|Any CPU.ActiveCfg = Debug|Any CPU
		{A53AE9FB-68E6-438D-AC7B-D427BFC18EA9}.Debug|Any CPU.Build.0 = Debug|Any CPU
		{A53AE9FB-68E6-438D-AC7B-D427BFC18EA9}.Release|Any CPU.ActiveCfg = Release|Any CPU
		{A53AE9FB-68E6-438D-AC7B-D427BFC18EA9}.Release|Any CPU.Build.0 = Release|Any CPU
		{C0D30CFA-6393-4746-9751-82432AE215FB}.Debug|Any CPU.ActiveCfg = Debug|Any CPU
		{C0D30CFA-6393-4746-9751-82432AE215FB}.Debug|Any CPU.Build.0 = Debug|Any CPU
		{C0D30CFA-6393-4746-9751-82432AE215FB}.Release|Any CPU.ActiveCfg = Release|Any CPU
		{C0D30CFA-6393-4746-9751-82432AE215FB}.Release|Any CPU.Build.0 = Release|Any CPU
	EndGlobalSection
	GlobalSection(SolutionProperties) = preSolution
		HideSolutionNode = FALSE
	EndGlobalSection
	GlobalSection(ExtensibilityGlobals) = postSolution
		SolutionGuid = {DB989BC0-6A13-44A3-862C-9D26AC5435A5}
	EndGlobalSection
EndGlobal
